// !$*UTF8*$!
{
	archiveVersion = 1;
	classes = {
	};
	objectVersion = 50;
	objects = {

/* Begin PBXBuildFile section */
		2B151994208765DC00F0050B /* AppDelegate.swift in Sources */ = {isa = PBXBuildFile; fileRef = 2B151993208765DC00F0050B /* AppDelegate.swift */; };
		2B151996208765DC00F0050B /* ViewController.swift in Sources */ = {isa = PBXBuildFile; fileRef = 2B151995208765DC00F0050B /* ViewController.swift */; };
		2B15199B208765DD00F0050B /* Assets.xcassets in Resources */ = {isa = PBXBuildFile; fileRef = 2B15199A208765DD00F0050B /* Assets.xcassets */; };
		2B1519A9208765DD00F0050B /* FTSTests.swift in Sources */ = {isa = PBXBuildFile; fileRef = 2B1519A8208765DD00F0050B /* FTSTests.swift */; };
		2B1519B4208765DD00F0050B /* FTSUITests.swift in Sources */ = {isa = PBXBuildFile; fileRef = 2B1519B3208765DD00F0050B /* FTSUITests.swift */; };
		2B1519C22087732000F0050B /* libsqlite3.tbd in Frameworks */ = {isa = PBXBuildFile; fileRef = 2B1519C12087732000F0050B /* libsqlite3.tbd */; };
		2BA3C3D820887A09001FD6E2 /* LaunchScreen.storyboard in Resources */ = {isa = PBXBuildFile; fileRef = 2BA3C3D720887A09001FD6E2 /* LaunchScreen.storyboard */; };
		2BC746C42088CA4D002BCC47 /* article1.txt in Resources */ = {isa = PBXBuildFile; fileRef = 2BC746C32088CA4D002BCC47 /* article1.txt */; };
		2BE2B52E20898F1A00A03218 /* article2.txt in Resources */ = {isa = PBXBuildFile; fileRef = 2BE2B52D20898F1900A03218 /* article2.txt */; };
		2BE2B5352089944800A03218 /* article8.txt in Resources */ = {isa = PBXBuildFile; fileRef = 2BE2B52F2089944800A03218 /* article8.txt */; };
		2BE2B5362089944800A03218 /* article5.txt in Resources */ = {isa = PBXBuildFile; fileRef = 2BE2B5302089944800A03218 /* article5.txt */; };
		2BE2B5372089944800A03218 /* article7.txt in Resources */ = {isa = PBXBuildFile; fileRef = 2BE2B5312089944800A03218 /* article7.txt */; };
		2BE2B5382089944800A03218 /* article4.txt in Resources */ = {isa = PBXBuildFile; fileRef = 2BE2B5322089944800A03218 /* article4.txt */; };
		2BE2B5392089944800A03218 /* article6.txt in Resources */ = {isa = PBXBuildFile; fileRef = 2BE2B5332089944800A03218 /* article6.txt */; };
		2BE2B53A2089944800A03218 /* article3.txt in Resources */ = {isa = PBXBuildFile; fileRef = 2BE2B5342089944800A03218 /* article3.txt */; };
		FD834B1BCE0D669EBD2A6215 /* libPods-FTS.a in Frameworks */ = {isa = PBXBuildFile; fileRef = F762CD9B6606BCB2FCCE75D5 /* libPods-FTS.a */; };
/* End PBXBuildFile section */

/* Begin PBXContainerItemProxy section */
		2B1519A5208765DD00F0050B /* PBXContainerItemProxy */ = {
			isa = PBXContainerItemProxy;
			containerPortal = 2B151988208765DC00F0050B /* Project object */;
			proxyType = 1;
			remoteGlobalIDString = 2B15198F208765DC00F0050B;
			remoteInfo = FTS;
		};
		2B1519B0208765DD00F0050B /* PBXContainerItemProxy */ = {
			isa = PBXContainerItemProxy;
			containerPortal = 2B151988208765DC00F0050B /* Project object */;
			proxyType = 1;
			remoteGlobalIDString = 2B15198F208765DC00F0050B;
			remoteInfo = FTS;
		};
/* End PBXContainerItemProxy section */

/* Begin PBXFileReference section */
		27C11A75A3D58B9B2200BE60 /* Pods-FTS.debug.xcconfig */ = {isa = PBXFileReference; includeInIndex = 1; lastKnownFileType = text.xcconfig; name = "Pods-FTS.debug.xcconfig"; path = "Pods/Target Support Files/Pods-FTS/Pods-FTS.debug.xcconfig"; sourceTree = "<group>"; };
		2B151990208765DC00F0050B /* FTS.app */ = {isa = PBXFileReference; explicitFileType = wrapper.application; includeInIndex = 0; path = FTS.app; sourceTree = BUILT_PRODUCTS_DIR; };
		2B151993208765DC00F0050B /* AppDelegate.swift */ = {isa = PBXFileReference; lastKnownFileType = sourcecode.swift; path = AppDelegate.swift; sourceTree = "<group>"; };
		2B151995208765DC00F0050B /* ViewController.swift */ = {isa = PBXFileReference; lastKnownFileType = sourcecode.swift; path = ViewController.swift; sourceTree = "<group>"; };
		2B15199A208765DD00F0050B /* Assets.xcassets */ = {isa = PBXFileReference; lastKnownFileType = folder.assetcatalog; path = Assets.xcassets; sourceTree = "<group>"; };
		2B15199F208765DD00F0050B /* Info.plist */ = {isa = PBXFileReference; lastKnownFileType = text.plist.xml; path = Info.plist; sourceTree = "<group>"; };
		2B1519A4208765DD00F0050B /* FTSTests.xctest */ = {isa = PBXFileReference; explicitFileType = wrapper.cfbundle; includeInIndex = 0; path = FTSTests.xctest; sourceTree = BUILT_PRODUCTS_DIR; };
		2B1519A8208765DD00F0050B /* FTSTests.swift */ = {isa = PBXFileReference; lastKnownFileType = sourcecode.swift; path = FTSTests.swift; sourceTree = "<group>"; };
		2B1519AA208765DD00F0050B /* Info.plist */ = {isa = PBXFileReference; lastKnownFileType = text.plist.xml; path = Info.plist; sourceTree = "<group>"; };
		2B1519AF208765DD00F0050B /* FTSUITests.xctest */ = {isa = PBXFileReference; explicitFileType = wrapper.cfbundle; includeInIndex = 0; path = FTSUITests.xctest; sourceTree = BUILT_PRODUCTS_DIR; };
		2B1519B3208765DD00F0050B /* FTSUITests.swift */ = {isa = PBXFileReference; lastKnownFileType = sourcecode.swift; path = FTSUITests.swift; sourceTree = "<group>"; };
		2B1519B5208765DD00F0050B /* Info.plist */ = {isa = PBXFileReference; lastKnownFileType = text.plist.xml; path = Info.plist; sourceTree = "<group>"; };
		2B1519C12087732000F0050B /* libsqlite3.tbd */ = {isa = PBXFileReference; lastKnownFileType = "sourcecode.text-based-dylib-definition"; name = libsqlite3.tbd; path = usr/lib/libsqlite3.tbd; sourceTree = SDKROOT; };
		2BA3C3D720887A09001FD6E2 /* LaunchScreen.storyboard */ = {isa = PBXFileReference; fileEncoding = 4; lastKnownFileType = file.storyboard; path = LaunchScreen.storyboard; sourceTree = "<group>"; };
		2BC746C32088CA4D002BCC47 /* article1.txt */ = {isa = PBXFileReference; fileEncoding = 4; lastKnownFileType = text; path = article1.txt; sourceTree = "<group>"; };
		2BE2B52D20898F1900A03218 /* article2.txt */ = {isa = PBXFileReference; fileEncoding = 4; lastKnownFileType = text; path = article2.txt; sourceTree = "<group>"; };
		2BE2B52F2089944800A03218 /* article8.txt */ = {isa = PBXFileReference; fileEncoding = 4; lastKnownFileType = text; path = article8.txt; sourceTree = "<group>"; };
		2BE2B5302089944800A03218 /* article5.txt */ = {isa = PBXFileReference; fileEncoding = 4; lastKnownFileType = text; path = article5.txt; sourceTree = "<group>"; };
		2BE2B5312089944800A03218 /* article7.txt */ = {isa = PBXFileReference; fileEncoding = 4; lastKnownFileType = text; path = article7.txt; sourceTree = "<group>"; };
		2BE2B5322089944800A03218 /* article4.txt */ = {isa = PBXFileReference; fileEncoding = 4; lastKnownFileType = text; path = article4.txt; sourceTree = "<group>"; };
		2BE2B5332089944800A03218 /* article6.txt */ = {isa = PBXFileReference; fileEncoding = 4; lastKnownFileType = text; path = article6.txt; sourceTree = "<group>"; };
		2BE2B5342089944800A03218 /* article3.txt */ = {isa = PBXFileReference; fileEncoding = 4; lastKnownFileType = text; path = article3.txt; sourceTree = "<group>"; };
		C9F42E8F67F6F5DAE31F5E40 /* Pods-FTS.release.xcconfig */ = {isa = PBXFileReference; includeInIndex = 1; lastKnownFileType = text.xcconfig; name = "Pods-FTS.release.xcconfig"; path = "Pods/Target Support Files/Pods-FTS/Pods-FTS.release.xcconfig"; sourceTree = "<group>"; };
		F762CD9B6606BCB2FCCE75D5 /* libPods-FTS.a */ = {isa = PBXFileReference; explicitFileType = archive.ar; includeInIndex = 0; path = "libPods-FTS.a"; sourceTree = BUILT_PRODUCTS_DIR; };
/* End PBXFileReference section */

/* Begin PBXFrameworksBuildPhase section */
		2B15198D208765DC00F0050B /* Frameworks */ = {
			isa = PBXFrameworksBuildPhase;
			buildActionMask = 2147483647;
			files = (
				2B1519C22087732000F0050B /* libsqlite3.tbd in Frameworks */,
				FD834B1BCE0D669EBD2A6215 /* libPods-FTS.a in Frameworks */,
			);
			runOnlyForDeploymentPostprocessing = 0;
		};
		2B1519A1208765DD00F0050B /* Frameworks */ = {
			isa = PBXFrameworksBuildPhase;
			buildActionMask = 2147483647;
			files = (
			);
			runOnlyForDeploymentPostprocessing = 0;
		};
		2B1519AC208765DD00F0050B /* Frameworks */ = {
			isa = PBXFrameworksBuildPhase;
			buildActionMask = 2147483647;
			files = (
			);
			runOnlyForDeploymentPostprocessing = 0;
		};
/* End PBXFrameworksBuildPhase section */

/* Begin PBXGroup section */
		2B151987208765DC00F0050B = {
			isa = PBXGroup;
			children = (
				2B151992208765DC00F0050B /* FTS */,
				2B1519A7208765DD00F0050B /* FTSTests */,
				2B1519B2208765DD00F0050B /* FTSUITests */,
				2B151991208765DC00F0050B /* Products */,
				48CA0F667F8B2AD2DD5D9B11 /* Pods */,
				F92347C5A280B757FFEDFAB3 /* Frameworks */,
			);
			sourceTree = "<group>";
		};
		2B151991208765DC00F0050B /* Products */ = {
			isa = PBXGroup;
			children = (
				2B151990208765DC00F0050B /* FTS.app */,
				2B1519A4208765DD00F0050B /* FTSTests.xctest */,
				2B1519AF208765DD00F0050B /* FTSUITests.xctest */,
			);
			name = Products;
			sourceTree = "<group>";
		};
		2B151992208765DC00F0050B /* FTS */ = {
			isa = PBXGroup;
			children = (
				2B151993208765DC00F0050B /* AppDelegate.swift */,
				2BA3C3D720887A09001FD6E2 /* LaunchScreen.storyboard */,
				2B151995208765DC00F0050B /* ViewController.swift */,
				2BC746C32088CA4D002BCC47 /* article1.txt */,
				2BE2B52D20898F1900A03218 /* article2.txt */,
				2BE2B5342089944800A03218 /* article3.txt */,
				2BE2B5322089944800A03218 /* article4.txt */,
				2BE2B5302089944800A03218 /* article5.txt */,
				2BE2B5332089944800A03218 /* article6.txt */,
				2BE2B5312089944800A03218 /* article7.txt */,
				2BE2B52F2089944800A03218 /* article8.txt */,
				2B15199A208765DD00F0050B /* Assets.xcassets */,
				2B15199F208765DD00F0050B /* Info.plist */,
			);
			path = FTS;
			sourceTree = "<group>";
		};
		2B1519A7208765DD00F0050B /* FTSTests */ = {
			isa = PBXGroup;
			children = (
				2B1519A8208765DD00F0050B /* FTSTests.swift */,
				2B1519AA208765DD00F0050B /* Info.plist */,
			);
			path = FTSTests;
			sourceTree = "<group>";
		};
		2B1519B2208765DD00F0050B /* FTSUITests */ = {
			isa = PBXGroup;
			children = (
				2B1519B3208765DD00F0050B /* FTSUITests.swift */,
				2B1519B5208765DD00F0050B /* Info.plist */,
			);
			path = FTSUITests;
			sourceTree = "<group>";
		};
		48CA0F667F8B2AD2DD5D9B11 /* Pods */ = {
			isa = PBXGroup;
			children = (
				27C11A75A3D58B9B2200BE60 /* Pods-FTS.debug.xcconfig */,
				C9F42E8F67F6F5DAE31F5E40 /* Pods-FTS.release.xcconfig */,
			);
			name = Pods;
			sourceTree = "<group>";
		};
		F92347C5A280B757FFEDFAB3 /* Frameworks */ = {
			isa = PBXGroup;
			children = (
				2B1519C12087732000F0050B /* libsqlite3.tbd */,
				F762CD9B6606BCB2FCCE75D5 /* libPods-FTS.a */,
			);
			name = Frameworks;
			sourceTree = "<group>";
		};
/* End PBXGroup section */

/* Begin PBXNativeTarget section */
		2B15198F208765DC00F0050B /* FTS */ = {
			isa = PBXNativeTarget;
			buildConfigurationList = 2B1519B8208765DD00F0050B /* Build configuration list for PBXNativeTarget "FTS" */;
			buildPhases = (
				1377609B7E45B023D0D6F045 /* [CP] Check Pods Manifest.lock */,
				2B15198C208765DC00F0050B /* Sources */,
				2B15198D208765DC00F0050B /* Frameworks */,
				2B15198E208765DC00F0050B /* Resources */,
			);
			buildRules = (
			);
			dependencies = (
			);
			name = FTS;
			productName = FTS;
			productReference = 2B151990208765DC00F0050B /* FTS.app */;
			productType = "com.apple.product-type.application";
		};
		2B1519A3208765DD00F0050B /* FTSTests */ = {
			isa = PBXNativeTarget;
			buildConfigurationList = 2B1519BB208765DD00F0050B /* Build configuration list for PBXNativeTarget "FTSTests" */;
			buildPhases = (
				2B1519A0208765DD00F0050B /* Sources */,
				2B1519A1208765DD00F0050B /* Frameworks */,
				2B1519A2208765DD00F0050B /* Resources */,
			);
			buildRules = (
			);
			dependencies = (
				2B1519A6208765DD00F0050B /* PBXTargetDependency */,
			);
			name = FTSTests;
			productName = FTSTests;
			productReference = 2B1519A4208765DD00F0050B /* FTSTests.xctest */;
			productType = "com.apple.product-type.bundle.unit-test";
		};
		2B1519AE208765DD00F0050B /* FTSUITests */ = {
			isa = PBXNativeTarget;
			buildConfigurationList = 2B1519BE208765DD00F0050B /* Build configuration list for PBXNativeTarget "FTSUITests" */;
			buildPhases = (
				2B1519AB208765DD00F0050B /* Sources */,
				2B1519AC208765DD00F0050B /* Frameworks */,
				2B1519AD208765DD00F0050B /* Resources */,
			);
			buildRules = (
			);
			dependencies = (
				2B1519B1208765DD00F0050B /* PBXTargetDependency */,
			);
			name = FTSUITests;
			productName = FTSUITests;
			productReference = 2B1519AF208765DD00F0050B /* FTSUITests.xctest */;
			productType = "com.apple.product-type.bundle.ui-testing";
		};
/* End PBXNativeTarget section */

/* Begin PBXProject section */
		2B151988208765DC00F0050B /* Project object */ = {
			isa = PBXProject;
			attributes = {
				LastSwiftUpdateCheck = 0930;
				LastUpgradeCheck = 0930;
				ORGANIZATIONNAME = radar;
				TargetAttributes = {
					2B15198F208765DC00F0050B = {
						CreatedOnToolsVersion = 9.3;
					};
					2B1519A3208765DD00F0050B = {
						CreatedOnToolsVersion = 9.3;
						TestTargetID = 2B15198F208765DC00F0050B;
					};
					2B1519AE208765DD00F0050B = {
						CreatedOnToolsVersion = 9.3;
						TestTargetID = 2B15198F208765DC00F0050B;
					};
				};
			};
			buildConfigurationList = 2B15198B208765DC00F0050B /* Build configuration list for PBXProject "FTS" */;
			compatibilityVersion = "Xcode 9.3";
			developmentRegion = en;
			hasScannedForEncodings = 0;
			knownRegions = (
				en,
				Base,
			);
			mainGroup = 2B151987208765DC00F0050B;
			productRefGroup = 2B151991208765DC00F0050B /* Products */;
			projectDirPath = "";
			projectRoot = "";
			targets = (
				2B15198F208765DC00F0050B /* FTS */,
				2B1519A3208765DD00F0050B /* FTSTests */,
				2B1519AE208765DD00F0050B /* FTSUITests */,
			);
		};
/* End PBXProject section */

/* Begin PBXResourcesBuildPhase section */
		2B15198E208765DC00F0050B /* Resources */ = {
			isa = PBXResourcesBuildPhase;
			buildActionMask = 2147483647;
			files = (
				2BE2B52E20898F1A00A03218 /* article2.txt in Resources */,
				2BE2B5362089944800A03218 /* article5.txt in Resources */,
				2BE2B5382089944800A03218 /* article4.txt in Resources */,
				2BE2B5372089944800A03218 /* article7.txt in Resources */,
				2BE2B5392089944800A03218 /* article6.txt in Resources */,
				2BA3C3D820887A09001FD6E2 /* LaunchScreen.storyboard in Resources */,
				2B15199B208765DD00F0050B /* Assets.xcassets in Resources */,
				2BC746C42088CA4D002BCC47 /* article1.txt in Resources */,
				2BE2B5352089944800A03218 /* article8.txt in Resources */,
				2BE2B53A2089944800A03218 /* article3.txt in Resources */,
			);
			runOnlyForDeploymentPostprocessing = 0;
		};
		2B1519A2208765DD00F0050B /* Resources */ = {
			isa = PBXResourcesBuildPhase;
			buildActionMask = 2147483647;
			files = (
			);
			runOnlyForDeploymentPostprocessing = 0;
		};
		2B1519AD208765DD00F0050B /* Resources */ = {
			isa = PBXResourcesBuildPhase;
			buildActionMask = 2147483647;
			files = (
			);
			runOnlyForDeploymentPostprocessing = 0;
		};
/* End PBXResourcesBuildPhase section */

/* Begin PBXShellScriptBuildPhase section */
		1377609B7E45B023D0D6F045 /* [CP] Check Pods Manifest.lock */ = {
			isa = PBXShellScriptBuildPhase;
			buildActionMask = 2147483647;
			files = (
			);
			inputPaths = (
				"${PODS_PODFILE_DIR_PATH}/Podfile.lock",
				"${PODS_ROOT}/Manifest.lock",
			);
			name = "[CP] Check Pods Manifest.lock";
			outputPaths = (
				"$(DERIVED_FILE_DIR)/Pods-FTS-checkManifestLockResult.txt",
			);
			runOnlyForDeploymentPostprocessing = 0;
			shellPath = /bin/sh;
			shellScript = "diff \"${PODS_PODFILE_DIR_PATH}/Podfile.lock\" \"${PODS_ROOT}/Manifest.lock\" > /dev/null\nif [ $? != 0 ] ; then\n    # print error to STDERR\n    echo \"error: The sandbox is not in sync with the Podfile.lock. Run 'pod install' or update your CocoaPods installation.\" >&2\n    exit 1\nfi\n# This output is used by Xcode 'outputs' to avoid re-running this script phase.\necho \"SUCCESS\" > \"${SCRIPT_OUTPUT_FILE_0}\"\n";
			showEnvVarsInLog = 0;
		};
/* End PBXShellScriptBuildPhase section */

/* Begin PBXSourcesBuildPhase section */
		2B15198C208765DC00F0050B /* Sources */ = {
			isa = PBXSourcesBuildPhase;
			buildActionMask = 2147483647;
			files = (
				2B151996208765DC00F0050B /* ViewController.swift in Sources */,
				2B151994208765DC00F0050B /* AppDelegate.swift in Sources */,
			);
			runOnlyForDeploymentPostprocessing = 0;
		};
		2B1519A0208765DD00F0050B /* Sources */ = {
			isa = PBXSourcesBuildPhase;
			buildActionMask = 2147483647;
			files = (
				2B1519A9208765DD00F0050B /* FTSTests.swift in Sources */,
			);
			runOnlyForDeploymentPostprocessing = 0;
		};
		2B1519AB208765DD00F0050B /* Sources */ = {
			isa = PBXSourcesBuildPhase;
			buildActionMask = 2147483647;
			files = (
				2B1519B4208765DD00F0050B /* FTSUITests.swift in Sources */,
			);
			runOnlyForDeploymentPostprocessing = 0;
		};
/* End PBXSourcesBuildPhase section */

/* Begin PBXTargetDependency section */
		2B1519A6208765DD00F0050B /* PBXTargetDependency */ = {
			isa = PBXTargetDependency;
			target = 2B15198F208765DC00F0050B /* FTS */;
			targetProxy = 2B1519A5208765DD00F0050B /* PBXContainerItemProxy */;
		};
		2B1519B1208765DD00F0050B /* PBXTargetDependency */ = {
			isa = PBXTargetDependency;
			target = 2B15198F208765DC00F0050B /* FTS */;
			targetProxy = 2B1519B0208765DD00F0050B /* PBXContainerItemProxy */;
		};
/* End PBXTargetDependency section */

/* Begin XCBuildConfiguration section */
		2B1519B6208765DD00F0050B /* Debug */ = {
			isa = XCBuildConfiguration;
			buildSettings = {
				ALWAYS_SEARCH_USER_PATHS = NO;
				CLANG_ANALYZER_NONNULL = YES;
				CLANG_ANALYZER_NUMBER_OBJECT_CONVERSION = YES_AGGRESSIVE;
				CLANG_CXX_LANGUAGE_STANDARD = "gnu++14";
				CLANG_CXX_LIBRARY = "libc++";
				CLANG_ENABLE_MODULES = YES;
				CLANG_ENABLE_OBJC_ARC = YES;
				CLANG_ENABLE_OBJC_WEAK = YES;
				CLANG_WARN_BLOCK_CAPTURE_AUTORELEASING = YES;
				CLANG_WARN_BOOL_CONVERSION = YES;
				CLANG_WARN_COMMA = YES;
				CLANG_WARN_CONSTANT_CONVERSION = YES;
				CLANG_WARN_DEPRECATED_OBJC_IMPLEMENTATIONS = YES;
				CLANG_WARN_DIRECT_OBJC_ISA_USAGE = YES_ERROR;
				CLANG_WARN_DOCUMENTATION_COMMENTS = YES;
				CLANG_WARN_EMPTY_BODY = YES;
				CLANG_WARN_ENUM_CONVERSION = YES;
				CLANG_WARN_INFINITE_RECURSION = YES;
				CLANG_WARN_INT_CONVERSION = YES;
				CLANG_WARN_NON_LITERAL_NULL_CONVERSION = YES;
				CLANG_WARN_OBJC_IMPLICIT_RETAIN_SELF = YES;
				CLANG_WARN_OBJC_LITERAL_CONVERSION = YES;
				CLANG_WARN_OBJC_ROOT_CLASS = YES_ERROR;
				CLANG_WARN_RANGE_LOOP_ANALYSIS = YES;
				CLANG_WARN_STRICT_PROTOTYPES = YES;
				CLANG_WARN_SUSPICIOUS_MOVE = YES;
				CLANG_WARN_UNGUARDED_AVAILABILITY = YES_AGGRESSIVE;
				CLANG_WARN_UNREACHABLE_CODE = YES;
				CLANG_WARN__DUPLICATE_METHOD_MATCH = YES;
				CODE_SIGN_IDENTITY = "iPhone Developer";
				COPY_PHASE_STRIP = NO;
				DEBUG_INFORMATION_FORMAT = dwarf;
				ENABLE_STRICT_OBJC_MSGSEND = YES;
				ENABLE_TESTABILITY = YES;
				GCC_C_LANGUAGE_STANDARD = gnu11;
				GCC_DYNAMIC_NO_PIC = NO;
				GCC_NO_COMMON_BLOCKS = YES;
				GCC_OPTIMIZATION_LEVEL = 0;
				GCC_PREPROCESSOR_DEFINITIONS = (
					"DEBUG=1",
					"$(inherited)",
				);
				GCC_WARN_64_TO_32_BIT_CONVERSION = YES;
				GCC_WARN_ABOUT_RETURN_TYPE = YES_ERROR;
				GCC_WARN_UNDECLARED_SELECTOR = YES;
				GCC_WARN_UNINITIALIZED_AUTOS = YES_AGGRESSIVE;
				GCC_WARN_UNUSED_FUNCTION = YES;
				GCC_WARN_UNUSED_VARIABLE = YES;
				IPHONEOS_DEPLOYMENT_TARGET = 11.3;
				MTL_ENABLE_DEBUG_INFO = YES;
				ONLY_ACTIVE_ARCH = YES;
				SDKROOT = iphoneos;
				SWIFT_ACTIVE_COMPILATION_CONDITIONS = DEBUG;
				SWIFT_OPTIMIZATION_LEVEL = "-Onone";
			};
			name = Debug;
		};
		2B1519B7208765DD00F0050B /* Release */ = {
			isa = XCBuildConfiguration;
			buildSettings = {
				ALWAYS_SEARCH_USER_PATHS = NO;
				CLANG_ANALYZER_NONNULL = YES;
				CLANG_ANALYZER_NUMBER_OBJECT_CONVERSION = YES_AGGRESSIVE;
				CLANG_CXX_LANGUAGE_STANDARD = "gnu++14";
				CLANG_CXX_LIBRARY = "libc++";
				CLANG_ENABLE_MODULES = YES;
				CLANG_ENABLE_OBJC_ARC = YES;
				CLANG_ENABLE_OBJC_WEAK = YES;
				CLANG_WARN_BLOCK_CAPTURE_AUTORELEASING = YES;
				CLANG_WARN_BOOL_CONVERSION = YES;
				CLANG_WARN_COMMA = YES;
				CLANG_WARN_CONSTANT_CONVERSION = YES;
				CLANG_WARN_DEPRECATED_OBJC_IMPLEMENTATIONS = YES;
				CLANG_WARN_DIRECT_OBJC_ISA_USAGE = YES_ERROR;
				CLANG_WARN_DOCUMENTATION_COMMENTS = YES;
				CLANG_WARN_EMPTY_BODY = YES;
				CLANG_WARN_ENUM_CONVERSION = YES;
				CLANG_WARN_INFINITE_RECURSION = YES;
				CLANG_WARN_INT_CONVERSION = YES;
				CLANG_WARN_NON_LITERAL_NULL_CONVERSION = YES;
				CLANG_WARN_OBJC_IMPLICIT_RETAIN_SELF = YES;
				CLANG_WARN_OBJC_LITERAL_CONVERSION = YES;
				CLANG_WARN_OBJC_ROOT_CLASS = YES_ERROR;
				CLANG_WARN_RANGE_LOOP_ANALYSIS = YES;
				CLANG_WARN_STRICT_PROTOTYPES = YES;
				CLANG_WARN_SUSPICIOUS_MOVE = YES;
				CLANG_WARN_UNGUARDED_AVAILABILITY = YES_AGGRESSIVE;
				CLANG_WARN_UNREACHABLE_CODE = YES;
				CLANG_WARN__DUPLICATE_METHOD_MATCH = YES;
				CODE_SIGN_IDENTITY = "iPhone Developer";
				COPY_PHASE_STRIP = NO;
				DEBUG_INFORMATION_FORMAT = "dwarf-with-dsym";
				ENABLE_NS_ASSERTIONS = NO;
				ENABLE_STRICT_OBJC_MSGSEND = YES;
				GCC_C_LANGUAGE_STANDARD = gnu11;
				GCC_NO_COMMON_BLOCKS = YES;
				GCC_WARN_64_TO_32_BIT_CONVERSION = YES;
				GCC_WARN_ABOUT_RETURN_TYPE = YES_ERROR;
				GCC_WARN_UNDECLARED_SELECTOR = YES;
				GCC_WARN_UNINITIALIZED_AUTOS = YES_AGGRESSIVE;
				GCC_WARN_UNUSED_FUNCTION = YES;
				GCC_WARN_UNUSED_VARIABLE = YES;
				IPHONEOS_DEPLOYMENT_TARGET = 11.3;
				MTL_ENABLE_DEBUG_INFO = NO;
				SDKROOT = iphoneos;
				SWIFT_COMPILATION_MODE = wholemodule;
				SWIFT_OPTIMIZATION_LEVEL = "-O";
				VALIDATE_PRODUCT = YES;
			};
			name = Release;
		};
		2B1519B9208765DD00F0050B /* Debug */ = {
			isa = XCBuildConfiguration;
			baseConfigurationReference = 27C11A75A3D58B9B2200BE60 /* Pods-FTS.debug.xcconfig */;
			buildSettings = {
				ASSETCATALOG_COMPILER_APPICON_NAME = AppIcon;
				CODE_SIGN_STYLE = Automatic;
				DEVELOPMENT_TEAM = KLFD6CD68C;
				INFOPLIST_FILE = FTS/Info.plist;
				IPHONEOS_DEPLOYMENT_TARGET = 11.0;
				LD_RUNPATH_SEARCH_PATHS = (
					"$(inherited)",
					"@executable_path/Frameworks",
				);
				PRODUCT_BUNDLE_IDENTIFIER = com.radar.FTS;
				PRODUCT_NAME = "$(TARGET_NAME)";
				SWIFT_VERSION = 4.0;
				TARGETED_DEVICE_FAMILY = "1,2";
			};
			name = Debug;
		};
		2B1519BA208765DD00F0050B /* Release */ = {
			isa = XCBuildConfiguration;
			baseConfigurationReference = C9F42E8F67F6F5DAE31F5E40 /* Pods-FTS.release.xcconfig */;
			buildSettings = {
				ASSETCATALOG_COMPILER_APPICON_NAME = AppIcon;
				CODE_SIGN_STYLE = Automatic;
				DEVELOPMENT_TEAM = KLFD6CD68C;
				INFOPLIST_FILE = FTS/Info.plist;
				IPHONEOS_DEPLOYMENT_TARGET = 11.0;
				LD_RUNPATH_SEARCH_PATHS = (
					"$(inherited)",
					"@executable_path/Frameworks",
				);
				PRODUCT_BUNDLE_IDENTIFIER = com.radar.FTS;
				PRODUCT_NAME = "$(TARGET_NAME)";
				SWIFT_VERSION = 4.0;
				TARGETED_DEVICE_FAMILY = "1,2";
			};
			name = Release;
		};
		2B1519BC208765DD00F0050B /* Debug */ = {
			isa = XCBuildConfiguration;
			buildSettings = {
				ALWAYS_EMBED_SWIFT_STANDARD_LIBRARIES = YES;
				BUNDLE_LOADER = "$(TEST_HOST)";
				CODE_SIGN_STYLE = Automatic;
				INFOPLIST_FILE = FTSTests/Info.plist;
				LD_RUNPATH_SEARCH_PATHS = (
					"$(inherited)",
					"@executable_path/Frameworks",
					"@loader_path/Frameworks",
				);
				PRODUCT_BUNDLE_IDENTIFIER = com.radar.FTSTests;
				PRODUCT_NAME = "$(TARGET_NAME)";
				SWIFT_VERSION = 4.0;
				TARGETED_DEVICE_FAMILY = "1,2";
				TEST_HOST = "$(BUILT_PRODUCTS_DIR)/FTS.app/FTS";
			};
			name = Debug;
		};
		2B1519BD208765DD00F0050B /* Release */ = {
			isa = XCBuildConfiguration;
			buildSettings = {
				ALWAYS_EMBED_SWIFT_STANDARD_LIBRARIES = YES;
				BUNDLE_LOADER = "$(TEST_HOST)";
				CODE_SIGN_STYLE = Automatic;
				INFOPLIST_FILE = FTSTests/Info.plist;
				LD_RUNPATH_SEARCH_PATHS = (
					"$(inherited)",
					"@executable_path/Frameworks",
					"@loader_path/Frameworks",
				);
				PRODUCT_BUNDLE_IDENTIFIER = com.radar.FTSTests;
				PRODUCT_NAME = "$(TARGET_NAME)";
				SWIFT_VERSION = 4.0;
				TARGETED_DEVICE_FAMILY = "1,2";
				TEST_HOST = "$(BUILT_PRODUCTS_DIR)/FTS.app/FTS";
			};
			name = Release;
		};
		2B1519BF208765DD00F0050B /* Debug */ = {
			isa = XCBuildConfiguration;
			buildSettings = {
				ALWAYS_EMBED_SWIFT_STANDARD_LIBRARIES = YES;
				CODE_SIGN_STYLE = Automatic;
				INFOPLIST_FILE = FTSUITests/Info.plist;
				LD_RUNPATH_SEARCH_PATHS = (
					"$(inherited)",
					"@executable_path/Frameworks",
					"@loader_path/Frameworks",
				);
				PRODUCT_BUNDLE_IDENTIFIER = com.radar.FTSUITests;
				PRODUCT_NAME = "$(TARGET_NAME)";
				SWIFT_VERSION = 4.0;
				TARGETED_DEVICE_FAMILY = "1,2";
				TEST_TARGET_NAME = FTS;
			};
			name = Debug;
		};
		2B1519C0208765DD00F0050B /* Release */ = {
			isa = XCBuildConfiguration;
			buildSettings = {
				ALWAYS_EMBED_SWIFT_STANDARD_LIBRARIES = YES;
				CODE_SIGN_STYLE = Automatic;
				INFOPLIST_FILE = FTSUITests/Info.plist;
				LD_RUNPATH_SEARCH_PATHS = (
					"$(inherited)",
					"@executable_path/Frameworks",
					"@loader_path/Frameworks",
				);
				PRODUCT_BUNDLE_IDENTIFIER = com.radar.FTSUITests;
				PRODUCT_NAME = "$(TARGET_NAME)";
				SWIFT_VERSION = 4.0;
				TARGETED_DEVICE_FAMILY = "1,2";
				TEST_TARGET_NAME = FTS;
			};
			name = Release;
		};
/* End XCBuildConfiguration section */

/* Begin XCConfigurationList section */
		2B15198B208765DC00F0050B /* Build configuration list for PBXProject "FTS" */ = {
			isa = XCConfigurationList;
			buildConfigurations = (
				2B1519B6208765DD00F0050B /* Debug */,
				2B1519B7208765DD00F0050B /* Release */,
			);
			defaultConfigurationIsVisible = 0;
			defaultConfigurationName = Release;
		};
		2B1519B8208765DD00F0050B /* Build configuration list for PBXNativeTarget "FTS" */ = {
			isa = XCConfigurationList;
			buildConfigurations = (
				2B1519B9208765DD00F0050B /* Debug */,
				2B1519BA208765DD00F0050B /* Release */,
			);
			defaultConfigurationIsVisible = 0;
			defaultConfigurationName = Release;
		};
		2B1519BB208765DD00F0050B /* Build configuration list for PBXNativeTarget "FTSTests" */ = {
			isa = XCConfigurationList;
			buildConfigurations = (
				2B1519BC208765DD00F0050B /* Debug */,
				2B1519BD208765DD00F0050B /* Release */,
			);
			defaultConfigurationIsVisible = 0;
			defaultConfigurationName = Release;
		};
		2B1519BE208765DD00F0050B /* Build configuration list for PBXNativeTarget "FTSUITests" */ = {
			isa = XCConfigurationList;
			buildConfigurations = (
				2B1519BF208765DD00F0050B /* Debug */,
				2B1519C0208765DD00F0050B /* Release */,
			);
			defaultConfigurationIsVisible = 0;
			defaultConfigurationName = Release;
		};
/* End XCConfigurationList section */
	};
	rootObject = 2B151988208765DC00F0050B /* Project object */;
}
